// !$*UTF8*$!
{
	archiveVersion = 1;
	classes = {
	};
	objectVersion = 46;
	objects = {

/* Begin PBXBuildFile section */
		8E8B424B1F9B643D00513B14 /* PrimarySplitViewController.swift in Sources */ = {isa = PBXBuildFile; fileRef = 8E8B424A1F9B643D00513B14 /* PrimarySplitViewController.swift */; };
		8E8B424D1F9B6D4C00513B14 /* MasterTableViewController.swift in Sources */ = {isa = PBXBuildFile; fileRef = 8E8B424C1F9B6D4C00513B14 /* MasterTableViewController.swift */; };
		ACE34C051F8CB1D3007A5E82 /* AppDelegate.swift in Sources */ = {isa = PBXBuildFile; fileRef = ACE34C041F8CB1D3007A5E82 /* AppDelegate.swift */; };
		ACE34C071F8CB1D3007A5E82 /* ViewController.swift in Sources */ = {isa = PBXBuildFile; fileRef = ACE34C061F8CB1D3007A5E82 /* ViewController.swift */; };
		ACE34C0A1F8CB1D3007A5E82 /* Main.storyboard in Resources */ = {isa = PBXBuildFile; fileRef = ACE34C081F8CB1D3007A5E82 /* Main.storyboard */; };
		ACE34C0C1F8CB1D3007A5E82 /* Assets.xcassets in Resources */ = {isa = PBXBuildFile; fileRef = ACE34C0B1F8CB1D3007A5E82 /* Assets.xcassets */; };
		ACE34C0F1F8CB1D3007A5E82 /* LaunchScreen.storyboard in Resources */ = {isa = PBXBuildFile; fileRef = ACE34C0D1F8CB1D3007A5E82 /* LaunchScreen.storyboard */; };
/* End PBXBuildFile section */

/* Begin PBXFileReference section */
		8E8B424A1F9B643D00513B14 /* PrimarySplitViewController.swift */ = {isa = PBXFileReference; lastKnownFileType = sourcecode.swift; path = PrimarySplitViewController.swift; sourceTree = "<group>"; };
		8E8B424C1F9B6D4C00513B14 /* MasterTableViewController.swift */ = {isa = PBXFileReference; lastKnownFileType = sourcecode.swift; path = MasterTableViewController.swift; sourceTree = "<group>"; };
		ACE34C011F8CB1D3007A5E82 /* CDViewer.app */ = {isa = PBXFileReference; explicitFileType = wrapper.application; includeInIndex = 0; path = CDViewer.app; sourceTree = BUILT_PRODUCTS_DIR; };
		ACE34C041F8CB1D3007A5E82 /* AppDelegate.swift */ = {isa = PBXFileReference; lastKnownFileType = sourcecode.swift; path = AppDelegate.swift; sourceTree = "<group>"; };
		ACE34C061F8CB1D3007A5E82 /* ViewController.swift */ = {isa = PBXFileReference; lastKnownFileType = sourcecode.swift; path = ViewController.swift; sourceTree = "<group>"; };
		ACE34C091F8CB1D3007A5E82 /* Base */ = {isa = PBXFileReference; lastKnownFileType = file.storyboard; name = Base; path = Base.lproj/Main.storyboard; sourceTree = "<group>"; };
		ACE34C0B1F8CB1D3007A5E82 /* Assets.xcassets */ = {isa = PBXFileReference; lastKnownFileType = folder.assetcatalog; path = Assets.xcassets; sourceTree = "<group>"; };
		ACE34C0E1F8CB1D3007A5E82 /* Base */ = {isa = PBXFileReference; lastKnownFileType = file.storyboard; name = Base; path = Base.lproj/LaunchScreen.storyboard; sourceTree = "<group>"; };
		ACE34C101F8CB1D3007A5E82 /* Info.plist */ = {isa = PBXFileReference; lastKnownFileType = text.plist.xml; path = Info.plist; sourceTree = "<group>"; };
/* End PBXFileReference section */

/* Begin PBXFrameworksBuildPhase section */
		ACE34BFE1F8CB1D2007A5E82 /* Frameworks */ = {
			isa = PBXFrameworksBuildPhase;
			buildActionMask = 2147483647;
			files = (
			);
			runOnlyForDeploymentPostprocessing = 0;
		};
/* End PBXFrameworksBuildPhase section */

/* Begin PBXGroup section */
		ACE34BF81F8CB1D2007A5E82 = {
			isa = PBXGroup;
			children = (
				ACE34C031F8CB1D3007A5E82 /* CDViewer */,
				ACE34C021F8CB1D3007A5E82 /* Products */,
			);
			sourceTree = "<group>";
		};
		ACE34C021F8CB1D3007A5E82 /* Products */ = {
			isa = PBXGroup;
			children = (
				ACE34C011F8CB1D3007A5E82 /* CDViewer.app */,
			);
			name = Products;
			sourceTree = "<group>";
		};
		ACE34C031F8CB1D3007A5E82 /* CDViewer */ = {
			isa = PBXGroup;
			children = (
				ACE34C041F8CB1D3007A5E82 /* AppDelegate.swift */,
				ACE34C061F8CB1D3007A5E82 /* ViewController.swift */,
				ACE34C081F8CB1D3007A5E82 /* Main.storyboard */,
				8E8B424A1F9B643D00513B14 /* PrimarySplitViewController.swift */,
				8E8B424C1F9B6D4C00513B14 /* MasterTableViewController.swift */,
				ACE34C0B1F8CB1D3007A5E82 /* Assets.xcassets */,
				ACE34C0D1F8CB1D3007A5E82 /* LaunchScreen.storyboard */,
				ACE34C101F8CB1D3007A5E82 /* Info.plist */,
			);
			path = CDViewer;
			sourceTree = "<group>";
		};
/* End PBXGroup section */

/* Begin PBXNativeTarget section */
		ACE34C001F8CB1D2007A5E82 /* CDViewer */ = {
			isa = PBXNativeTarget;
			buildConfigurationList = ACE34C131F8CB1D3007A5E82 /* Build configuration list for PBXNativeTarget "CDViewer" */;
			buildPhases = (
				ACE34BFD1F8CB1D2007A5E82 /* Sources */,
				ACE34BFE1F8CB1D2007A5E82 /* Frameworks */,
				ACE34BFF1F8CB1D2007A5E82 /* Resources */,
			);
			buildRules = (
			);
			dependencies = (
			);
			name = CDViewer;
			productName = CDViewer;
			productReference = ACE34C011F8CB1D3007A5E82 /* CDViewer.app */;
			productType = "com.apple.product-type.application";
		};
/* End PBXNativeTarget section */

/* Begin PBXProject section */
		ACE34BF91F8CB1D2007A5E82 /* Project object */ = {
			isa = PBXProject;
			attributes = {
				LastSwiftUpdateCheck = 0820;
				LastUpgradeCheck = 0820;
				ORGANIZATIONNAME = "Kamil Kos";
				TargetAttributes = {
					ACE34C001F8CB1D2007A5E82 = {
						CreatedOnToolsVersion = 8.2.1;
						ProvisioningStyle = Automatic;
					};
				};
			};
			buildConfigurationList = ACE34BFC1F8CB1D2007A5E82 /* Build configuration list for PBXProject "CDViewer" */;
			compatibilityVersion = "Xcode 3.2";
			developmentRegion = English;
			hasScannedForEncodings = 0;
			knownRegions = (
				en,
				Base,
			);
			mainGroup = ACE34BF81F8CB1D2007A5E82;
			productRefGroup = ACE34C021F8CB1D3007A5E82 /* Products */;
			projectDirPath = "";
			projectRoot = "";
			targets = (
				ACE34C001F8CB1D2007A5E82 /* CDViewer */,
			);
		};
/* End PBXProject section */

/* Begin PBXResourcesBuildPhase section */
		ACE34BFF1F8CB1D2007A5E82 /* Resources */ = {
			isa = PBXResourcesBuildPhase;
			buildActionMask = 2147483647;
			files = (
				ACE34C0F1F8CB1D3007A5E82 /* LaunchScreen.storyboard in Resources */,
				ACE34C0C1F8CB1D3007A5E82 /* Assets.xcassets in Resources */,
				ACE34C0A1F8CB1D3007A5E82 /* Main.storyboard in Resources */,
			);
			runOnlyForDeploymentPostprocessing = 0;
		};
/* End PBXResourcesBuildPhase section */

/* Begin PBXSourcesBuildPhase section */
		ACE34BFD1F8CB1D2007A5E82 /* Sources */ = {
			isa = PBXSourcesBuildPhase;
			buildActionMask = 2147483647;
			files = (
				8E8B424B1F9B643D00513B14 /* PrimarySplitViewController.swift in Sources */,
				8E8B424D1F9B6D4C00513B14 /* MasterTableViewController.swift in Sources */,
				ACE34C071F8CB1D3007A5E82 /* ViewController.swift in Sources */,
				ACE34C051F8CB1D3007A5E82 /* AppDelegate.swift in Sources */,
			);
			runOnlyForDeploymentPostprocessing = 0;
		};
/* End PBXSourcesBuildPhase section */

/* Begin PBXVariantGroup section */
		ACE34C081F8CB1D3007A5E82 /* Main.storyboard */ = {
			isa = PBXVariantGroup;
			children = (
				ACE34C091F8CB1D3007A5E82 /* Base */,
			);
			name = Main.storyboard;
			sourceTree = "<group>";
		};
		ACE34C0D1F8CB1D3007A5E82 /* LaunchScreen.storyboard */ = {
			isa = PBXVariantGroup;
			children = (
				ACE34C0E1F8CB1D3007A5E82 /* Base */,
			);
			name = LaunchScreen.storyboard;
			sourceTree = "<group>";
		};
/* End PBXVariantGroup section */

/* Begin XCBuildConfiguration section */
		ACE34C111F8CB1D3007A5E82 /* Debug */ = {
			isa = XCBuildConfiguration;
			buildSettings = {
				ALWAYS_SEARCH_USER_PATHS = NO;
				CLANG_ANALYZER_NONNULL = YES;
				CLANG_CXX_LANGUAGE_STANDARD = "gnu++0x";
				CLANG_CXX_LIBRARY = "libc++";
				CLANG_ENABLE_MODULES = YES;
				CLANG_ENABLE_OBJC_ARC = YES;
				CLANG_WARN_BOOL_CONVERSION = YES;
				CLANG_WARN_CONSTANT_CONVERSION = YES;
				CLANG_WARN_DIRECT_OBJC_ISA_USAGE = YES_ERROR;
				CLANG_WARN_DOCUMENTATION_COMMENTS = YES;
				CLANG_WARN_EMPTY_BODY = YES;
				CLANG_WARN_ENUM_CONVERSION = YES;
				CLANG_WARN_INFINITE_RECURSION = YES;
				CLANG_WARN_INT_CONVERSION = YES;
				CLANG_WARN_OBJC_ROOT_CLASS = YES_ERROR;
				CLANG_WARN_SUSPICIOUS_MOVE = YES;
				CLANG_WARN_UNREACHABLE_CODE = YES;
				CLANG_WARN__DUPLICATE_METHOD_MATCH = YES;
				"CODE_SIGN_IDENTITY[sdk=iphoneos*]" = "iPhone Developer";
				COPY_PHASE_STRIP = NO;
				DEBUG_INFORMATION_FORMAT = dwarf;
				ENABLE_STRICT_OBJC_MSGSEND = YES;
				ENABLE_TESTABILITY = YES;
				GCC_C_LANGUAGE_STANDARD = gnu99;
				GCC_DYNAMIC_NO_PIC = NO;
				GCC_NO_COMMON_BLOCKS = YES;
				GCC_OPTIMIZATION_LEVEL = 0;
				GCC_PREPROCESSOR_DEFINITIONS = (
					"DEBUG=1",
					"$(inherited)",
				);
				GCC_WARN_64_TO_32_BIT_CONVERSION = YES;
				GCC_WARN_ABOUT_RETURN_TYPE = YES_ERROR;
				GCC_WARN_UNDECLARED_SELECTOR = YES;
				GCC_WARN_UNINITIALIZED_AUTOS = YES_AGGRESSIVE;
				GCC_WARN_UNUSED_FUNCTION = YES;
				GCC_WARN_UNUSED_VARIABLE = YES;
				IPHONEOS_DEPLOYMENT_TARGET = 10.2;
				MTL_ENABLE_DEBUG_INFO = YES;
				ONLY_ACTIVE_ARCH = YES;
				SDKROOT = iphoneos;
				SWIFT_ACTIVE_COMPILATION_CONDITIONS = DEBUG;
				SWIFT_OPTIMIZATION_LEVEL = "-Onone";
			};
			name = Debug;
		};
		ACE34C121F8CB1D3007A5E82 /* Release */ = {
			isa = XCBuildConfiguration;
			buildSettings = {
				ALWAYS_SEARCH_USER_PATHS = NO;
				CLANG_ANALYZER_NONNULL = YES;
				CLANG_CXX_LANGUAGE_STANDARD = "gnu++0x";
				CLANG_CXX_LIBRARY = "libc++";
				CLANG_ENABLE_MODULES = YES;
				CLANG_ENABLE_OBJC_ARC = YES;
				CLANG_WARN_BOOL_CONVERSION = YES;
				CLANG_WARN_CONSTANT_CONVERSION = YES;
				CLANG_WARN_DIRECT_OBJC_ISA_USAGE = YES_ERROR;
				CLANG_WARN_DOCUMENTATION_COMMENTS = YES;
				CLANG_WARN_EMPTY_BODY = YES;
				CLANG_WARN_ENUM_CONVERSION = YES;
				CLANG_WARN_INFINITE_RECURSION = YES;
				CLANG_WARN_INT_CONVERSION = YES;
				CLANG_WARN_OBJC_ROOT_CLASS = YES_ERROR;
				CLANG_WARN_SUSPICIOUS_MOVE = YES;
				CLANG_WARN_UNREACHABLE_CODE = YES;
				CLANG_WARN__DUPLICATE_METHOD_MATCH = YES;
				"CODE_SIGN_IDENTITY[sdk=iphoneos*]" = "iPhone Developer";
				COPY_PHASE_STRIP = NO;
				DEBUG_INFORMATION_FORMAT = "dwarf-with-dsym";
				ENABLE_NS_ASSERTIONS = NO;
				ENABLE_STRICT_OBJC_MSGSEND = YES;
				GCC_C_LANGUAGE_STANDARD = gnu99;
				GCC_NO_COMMON_BLOCKS = YES;
				GCC_WARN_64_TO_32_BIT_CONVERSION = YES;
				GCC_WARN_ABOUT_RETURN_TYPE = YES_ERROR;
				GCC_WARN_UNDECLARED_SELECTOR = YES;
				GCC_WARN_UNINITIALIZED_AUTOS = YES_AGGRESSIVE;
				GCC_WARN_UNUSED_FUNCTION = YES;
				GCC_WARN_UNUSED_VARIABLE = YES;
				IPHONEOS_DEPLOYMENT_TARGET = 10.2;
				MTL_ENABLE_DEBUG_INFO = NO;
				SDKROOT = iphoneos;
				SWIFT_OPTIMIZATION_LEVEL = "-Owholemodule";
				VALIDATE_PRODUCT = YES;
			};
			name = Release;
		};
		ACE34C141F8CB1D3007A5E82 /* Debug */ = {
			isa = XCBuildConfiguration;
			buildSettings = {
				ASSETCATALOG_COMPILER_APPICON_NAME = AppIcon;
				INFOPLIST_FILE = CDViewer/Info.plist;
				LD_RUNPATH_SEARCH_PATHS = "$(inherited) @executable_path/Frameworks";
				PRODUCT_BUNDLE_IDENTIFIER = pl.edu.agh.kis.CDViewer;
				PRODUCT_NAME = "$(TARGET_NAME)";
				SWIFT_VERSION = 3.0;
			};
			name = Debug;
		};
		ACE34C151F8CB1D3007A5E82 /* Release */ = {
			isa = XCBuildConfiguration;
			buildSettings = {
				ASSETCATALOG_COMPILER_APPICON_NAME = AppIcon;
				INFOPLIST_FILE = CDViewer/Info.plist;
				LD_RUNPATH_SEARCH_PATHS = "$(inherited) @executable_path/Frameworks";
				PRODUCT_BUNDLE_IDENTIFIER = pl.edu.agh.kis.CDViewer;
				PRODUCT_NAME = "$(TARGET_NAME)";
				SWIFT_VERSION = 3.0;
			};
			name = Release;
		};
/* End XCBuildConfiguration section */

/* Begin XCConfigurationList section */
		ACE34BFC1F8CB1D2007A5E82 /* Build configuration list for PBXProject "CDViewer" */ = {
			isa = XCConfigurationList;
			buildConfigurations = (
				ACE34C111F8CB1D3007A5E82 /* Debug */,
				ACE34C121F8CB1D3007A5E82 /* Release */,
			);
			defaultConfigurationIsVisible = 0;
			defaultConfigurationName = Release;
		};
		ACE34C131F8CB1D3007A5E82 /* Build configuration list for PBXNativeTarget "CDViewer" */ = {
			isa = XCConfigurationList;
			buildConfigurations = (
				ACE34C141F8CB1D3007A5E82 /* Debug */,
				ACE34C151F8CB1D3007A5E82 /* Release */,
			);
			defaultConfigurationIsVisible = 0;
			defaultConfigurationName = Release;
		};
/* End XCConfigurationList section */
	};
	rootObject = ACE34BF91F8CB1D2007A5E82 /* Project object */;
}
